// !$*UTF8*$!
{
	archiveVersion = 1;
	classes = {
	};
	objectVersion = 50;
	objects = {

/* Begin PBXBuildFile section */
		CB3BD5E5210D8EA5008800A3 /* ItemDetail.swift in Sources */ = {isa = PBXBuildFile; fileRef = CB3BD5E4210D8EA5008800A3 /* ItemDetail.swift */; };
		CB3FEBB4210C8D1000606882 /* AppDelegate.swift in Sources */ = {isa = PBXBuildFile; fileRef = CB3FEBB3210C8D1000606882 /* AppDelegate.swift */; };
		CB3FEBB6210C8D1000606882 /* TodoListViewController.swift in Sources */ = {isa = PBXBuildFile; fileRef = CB3FEBB5210C8D1000606882 /* TodoListViewController.swift */; };
		CB3FEBB9210C8D1000606882 /* Main.storyboard in Resources */ = {isa = PBXBuildFile; fileRef = CB3FEBB7210C8D1000606882 /* Main.storyboard */; };
		CB3FEBBB210C8D1200606882 /* Assets.xcassets in Resources */ = {isa = PBXBuildFile; fileRef = CB3FEBBA210C8D1200606882 /* Assets.xcassets */; };
		CB3FEBBE210C8D1200606882 /* LaunchScreen.storyboard in Resources */ = {isa = PBXBuildFile; fileRef = CB3FEBBC210C8D1200606882 /* LaunchScreen.storyboard */; };
		CB771593210DD13500B117D1 /* CopyOfViewController.swift in Sources */ = {isa = PBXBuildFile; fileRef = CB771592210DD13500B117D1 /* CopyOfViewController.swift */; };
		CB9E7C25210DC20800E5C82F /* ItemDetailCoreData.xcdatamodeld in Sources */ = {isa = PBXBuildFile; fileRef = CB9E7C23210DC20700E5C82F /* ItemDetailCoreData.xcdatamodeld */; };
		CBE96CC3210CE17F009D55D4 /* MyConstants.swift in Sources */ = {isa = PBXBuildFile; fileRef = CBE96CC2210CE17F009D55D4 /* MyConstants.swift */; };
		CBFF6CD3210EE8E500A6B47A /* CategoriesTableViewController.swift in Sources */ = {isa = PBXBuildFile; fileRef = CBFF6CD2210EE8E500A6B47A /* CategoriesTableViewController.swift */; };
/* End PBXBuildFile section */

/* Begin PBXFileReference section */
		CB3BD5E4210D8EA5008800A3 /* ItemDetail.swift */ = {isa = PBXFileReference; lastKnownFileType = sourcecode.swift; path = ItemDetail.swift; sourceTree = "<group>"; };
		CB3FEBB0210C8D1000606882 /* LocalStorageProject.app */ = {isa = PBXFileReference; explicitFileType = wrapper.application; includeInIndex = 0; path = LocalStorageProject.app; sourceTree = BUILT_PRODUCTS_DIR; };
		CB3FEBB3210C8D1000606882 /* AppDelegate.swift */ = {isa = PBXFileReference; lastKnownFileType = sourcecode.swift; path = AppDelegate.swift; sourceTree = "<group>"; };
		CB3FEBB5210C8D1000606882 /* TodoListViewController.swift */ = {isa = PBXFileReference; lastKnownFileType = sourcecode.swift; path = TodoListViewController.swift; sourceTree = "<group>"; };
		CB3FEBB8210C8D1000606882 /* Base */ = {isa = PBXFileReference; lastKnownFileType = file.storyboard; name = Base; path = Base.lproj/Main.storyboard; sourceTree = "<group>"; };
		CB3FEBBA210C8D1200606882 /* Assets.xcassets */ = {isa = PBXFileReference; lastKnownFileType = folder.assetcatalog; path = Assets.xcassets; sourceTree = "<group>"; };
		CB3FEBBD210C8D1200606882 /* Base */ = {isa = PBXFileReference; lastKnownFileType = file.storyboard; name = Base; path = Base.lproj/LaunchScreen.storyboard; sourceTree = "<group>"; };
		CB3FEBBF210C8D1200606882 /* Info.plist */ = {isa = PBXFileReference; lastKnownFileType = text.plist.xml; path = Info.plist; sourceTree = "<group>"; };
		CB771592210DD13500B117D1 /* CopyOfViewController.swift */ = {isa = PBXFileReference; lastKnownFileType = sourcecode.swift; path = CopyOfViewController.swift; sourceTree = "<group>"; };
		CB9E7C24210DC20700E5C82F /* ItemDetailCoreData.xcdatamodel */ = {isa = PBXFileReference; lastKnownFileType = wrapper.xcdatamodel; path = ItemDetailCoreData.xcdatamodel; sourceTree = "<group>"; };
		CBE96CC2210CE17F009D55D4 /* MyConstants.swift */ = {isa = PBXFileReference; lastKnownFileType = sourcecode.swift; path = MyConstants.swift; sourceTree = "<group>"; };
		CBFF6CD2210EE8E500A6B47A /* CategoriesTableViewController.swift */ = {isa = PBXFileReference; lastKnownFileType = sourcecode.swift; path = CategoriesTableViewController.swift; sourceTree = "<group>"; };
/* End PBXFileReference section */

/* Begin PBXFrameworksBuildPhase section */
		CB3FEBAD210C8D1000606882 /* Frameworks */ = {
			isa = PBXFrameworksBuildPhase;
			buildActionMask = 2147483647;
			files = (
			);
			runOnlyForDeploymentPostprocessing = 0;
		};
/* End PBXFrameworksBuildPhase section */

/* Begin PBXGroup section */
		CB3BD5E6210D8F17008800A3 /* Views */ = {
			isa = PBXGroup;
			children = (
				CB3FEBB7210C8D1000606882 /* Main.storyboard */,
			);
			path = Views;
			sourceTree = "<group>";
		};
		CB3BD5E7210D8F1F008800A3 /* Controllers */ = {
			isa = PBXGroup;
			children = (
				CBFF6CD2210EE8E500A6B47A /* CategoriesTableViewController.swift */,
				CB3FEBB5210C8D1000606882 /* TodoListViewController.swift */,
				CB771592210DD13500B117D1 /* CopyOfViewController.swift */,
			);
			path = Controllers;
			sourceTree = "<group>";
		};
		CB3BD5E8210D91FC008800A3 /* SupportingFiles */ = {
			isa = PBXGroup;
			children = (
				CB3FEBBC210C8D1200606882 /* LaunchScreen.storyboard */,
				CB3FEBBA210C8D1200606882 /* Assets.xcassets */,
			);
			path = SupportingFiles;
			sourceTree = "<group>";
		};
		CB3FEBA7210C8D1000606882 = {
			isa = PBXGroup;
			children = (
				CB3FEBB2210C8D1000606882 /* LocalStorageProject */,
				CB3FEBB1210C8D1000606882 /* Products */,
			);
			sourceTree = "<group>";
		};
		CB3FEBB1210C8D1000606882 /* Products */ = {
			isa = PBXGroup;
			children = (
				CB3FEBB0210C8D1000606882 /* LocalStorageProject.app */,
			);
			name = Products;
			sourceTree = "<group>";
		};
		CB3FEBB2210C8D1000606882 /* LocalStorageProject */ = {
			isa = PBXGroup;
			children = (
				CB3FEBB3210C8D1000606882 /* AppDelegate.swift */,
				CB3BD5E8210D91FC008800A3 /* SupportingFiles */,
				CB3BD5E7210D8F1F008800A3 /* Controllers */,
				CB3BD5E6210D8F17008800A3 /* Views */,
				CBE96CC1210CE155009D55D4 /* Models */,
				CB3FEBBF210C8D1200606882 /* Info.plist */,
			);
			path = LocalStorageProject;
			sourceTree = "<group>";
		};
		CBE96CC1210CE155009D55D4 /* Models */ = {
			isa = PBXGroup;
			children = (
				CBE96CC2210CE17F009D55D4 /* MyConstants.swift */,
				CB3BD5E4210D8EA5008800A3 /* ItemDetail.swift */,
				CB9E7C23210DC20700E5C82F /* ItemDetailCoreData.xcdatamodeld */,
			);
			name = Models;
			path = "New Group";
			sourceTree = "<group>";
		};
/* End PBXGroup section */

/* Begin PBXNativeTarget section */
		CB3FEBAF210C8D1000606882 /* LocalStorageProject */ = {
			isa = PBXNativeTarget;
			buildConfigurationList = CB3FEBC2210C8D1200606882 /* Build configuration list for PBXNativeTarget "LocalStorageProject" */;
			buildPhases = (
				CB3FEBAC210C8D1000606882 /* Sources */,
				CB3FEBAD210C8D1000606882 /* Frameworks */,
				CB3FEBAE210C8D1000606882 /* Resources */,
			);
			buildRules = (
			);
			dependencies = (
			);
			name = LocalStorageProject;
			productName = LocalStorageProject;
			productReference = CB3FEBB0210C8D1000606882 /* LocalStorageProject.app */;
			productType = "com.apple.product-type.application";
		};
/* End PBXNativeTarget section */

/* Begin PBXProject section */
		CB3FEBA8210C8D1000606882 /* Project object */ = {
			isa = PBXProject;
			attributes = {
				LastSwiftUpdateCheck = 0940;
				LastUpgradeCheck = 0940;
				ORGANIZATIONNAME = "Pankaj Kapoor";
				TargetAttributes = {
					CB3FEBAF210C8D1000606882 = {
						CreatedOnToolsVersion = 9.4.1;
					};
				};
			};
			buildConfigurationList = CB3FEBAB210C8D1000606882 /* Build configuration list for PBXProject "LocalStorageProject" */;
			compatibilityVersion = "Xcode 9.3";
			developmentRegion = en;
			hasScannedForEncodings = 0;
			knownRegions = (
				en,
				Base,
			);
			mainGroup = CB3FEBA7210C8D1000606882;
			productRefGroup = CB3FEBB1210C8D1000606882 /* Products */;
			projectDirPath = "";
			projectRoot = "";
			targets = (
				CB3FEBAF210C8D1000606882 /* LocalStorageProject */,
			);
		};
/* End PBXProject section */

/* Begin PBXResourcesBuildPhase section */
		CB3FEBAE210C8D1000606882 /* Resources */ = {
			isa = PBXResourcesBuildPhase;
			buildActionMask = 2147483647;
			files = (
				CB3FEBBE210C8D1200606882 /* LaunchScreen.storyboard in Resources */,
				CB3FEBBB210C8D1200606882 /* Assets.xcassets in Resources */,
				CB3FEBB9210C8D1000606882 /* Main.storyboard in Resources */,
			);
			runOnlyForDeploymentPostprocessing = 0;
		};
/* End PBXResourcesBuildPhase section */

/* Begin PBXSourcesBuildPhase section */
		CB3FEBAC210C8D1000606882 /* Sources */ = {
			isa = PBXSourcesBuildPhase;
			buildActionMask = 2147483647;
			files = (
				CBE96CC3210CE17F009D55D4 /* MyConstants.swift in Sources */,
				CB3BD5E5210D8EA5008800A3 /* ItemDetail.swift in Sources */,
				CB3FEBB6210C8D1000606882 /* TodoListViewController.swift in Sources */,
				CB3FEBB4210C8D1000606882 /* AppDelegate.swift in Sources */,
				CB771593210DD13500B117D1 /* CopyOfViewController.swift in Sources */,
				CB9E7C25210DC20800E5C82F /* ItemDetailCoreData.xcdatamodeld in Sources */,
				CBFF6CD3210EE8E500A6B47A /* CategoriesTableViewController.swift in Sources */,
			);
			runOnlyForDeploymentPostprocessing = 0;
		};
/* End PBXSourcesBuildPhase section */

/* Begin PBXVariantGroup section */
		CB3FEBB7210C8D1000606882 /* Main.storyboard */ = {
			isa = PBXVariantGroup;
			children = (
				CB3FEBB8210C8D1000606882 /* Base */,
			);
			name = Main.storyboard;
			sourceTree = "<group>";
		};
		CB3FEBBC210C8D1200606882 /* LaunchScreen.storyboard */ = {
			isa = PBXVariantGroup;
			children = (
				CB3FEBBD210C8D1200606882 /* Base */,
			);
			name = LaunchScreen.storyboard;
			sourceTree = "<group>";
		};
/* End PBXVariantGroup section */

/* Begin XCBuildConfiguration section */
		CB3FEBC0210C8D1200606882 /* Debug */ = {
			isa = XCBuildConfiguration;
			buildSettings = {
				ALWAYS_SEARCH_USER_PATHS = NO;
				CLANG_ANALYZER_NONNULL = YES;
				CLANG_ANALYZER_NUMBER_OBJECT_CONVERSION = YES_AGGRESSIVE;
				CLANG_CXX_LANGUAGE_STANDARD = "gnu++14";
				CLANG_CXX_LIBRARY = "libc++";
				CLANG_ENABLE_MODULES = YES;
				CLANG_ENABLE_OBJC_ARC = YES;
				CLANG_ENABLE_OBJC_WEAK = YES;
				CLANG_WARN_BLOCK_CAPTURE_AUTORELEASING = YES;
				CLANG_WARN_BOOL_CONVERSION = YES;
				CLANG_WARN_COMMA = YES;
				CLANG_WARN_CONSTANT_CONVERSION = YES;
				CLANG_WARN_DEPRECATED_OBJC_IMPLEMENTATIONS = YES;
				CLANG_WARN_DIRECT_OBJC_ISA_USAGE = YES_ERROR;
				CLANG_WARN_DOCUMENTATION_COMMENTS = YES;
				CLANG_WARN_EMPTY_BODY = YES;
				CLANG_WARN_ENUM_CONVERSION = YES;
				CLANG_WARN_INFINITE_RECURSION = YES;
				CLANG_WARN_INT_CONVERSION = YES;
				CLANG_WARN_NON_LITERAL_NULL_CONVERSION = YES;
				CLANG_WARN_OBJC_IMPLICIT_RETAIN_SELF = YES;
				CLANG_WARN_OBJC_LITERAL_CONVERSION = YES;
				CLANG_WARN_OBJC_ROOT_CLASS = YES_ERROR;
				CLANG_WARN_RANGE_LOOP_ANALYSIS = YES;
				CLANG_WARN_STRICT_PROTOTYPES = YES;
				CLANG_WARN_SUSPICIOUS_MOVE = YES;
				CLANG_WARN_UNGUARDED_AVAILABILITY = YES_AGGRESSIVE;
				CLANG_WARN_UNREACHABLE_CODE = YES;
				CLANG_WARN__DUPLICATE_METHOD_MATCH = YES;
				CODE_SIGN_IDENTITY = "iPhone Developer";
				COPY_PHASE_STRIP = NO;
				DEBUG_INFORMATION_FORMAT = dwarf;
				ENABLE_STRICT_OBJC_MSGSEND = YES;
				ENABLE_TESTABILITY = YES;
				GCC_C_LANGUAGE_STANDARD = gnu11;
				GCC_DYNAMIC_NO_PIC = NO;
				GCC_NO_COMMON_BLOCKS = YES;
				GCC_OPTIMIZATION_LEVEL = 0;
				GCC_PREPROCESSOR_DEFINITIONS = (
					"DEBUG=1",
					"$(inherited)",
				);
				GCC_WARN_64_TO_32_BIT_CONVERSION = YES;
				GCC_WARN_ABOUT_RETURN_TYPE = YES_ERROR;
				GCC_WARN_UNDECLARED_SELECTOR = YES;
				GCC_WARN_UNINITIALIZED_AUTOS = YES_AGGRESSIVE;
				GCC_WARN_UNUSED_FUNCTION = YES;
				GCC_WARN_UNUSED_VARIABLE = YES;
				IPHONEOS_DEPLOYMENT_TARGET = 11.4;
				MTL_ENABLE_DEBUG_INFO = YES;
				ONLY_ACTIVE_ARCH = YES;
				SDKROOT = iphoneos;
				SWIFT_ACTIVE_COMPILATION_CONDITIONS = DEBUG;
				SWIFT_OPTIMIZATION_LEVEL = "-Onone";
			};
			name = Debug;
		};
		CB3FEBC1210C8D1200606882 /* Release */ = {
			isa = XCBuildConfiguration;
			buildSettings = {
				ALWAYS_SEARCH_USER_PATHS = NO;
				CLANG_ANALYZER_NONNULL = YES;
				CLANG_ANALYZER_NUMBER_OBJECT_CONVERSION = YES_AGGRESSIVE;
				CLANG_CXX_LANGUAGE_STANDARD = "gnu++14";
				CLANG_CXX_LIBRARY = "libc++";
				CLANG_ENABLE_MODULES = YES;
				CLANG_ENABLE_OBJC_ARC = YES;
				CLANG_ENABLE_OBJC_WEAK = YES;
				CLANG_WARN_BLOCK_CAPTURE_AUTORELEASING = YES;
				CLANG_WARN_BOOL_CONVERSION = YES;
				CLANG_WARN_COMMA = YES;
				CLANG_WARN_CONSTANT_CONVERSION = YES;
				CLANG_WARN_DEPRECATED_OBJC_IMPLEMENTATIONS = YES;
				CLANG_WARN_DIRECT_OBJC_ISA_USAGE = YES_ERROR;
				CLANG_WARN_DOCUMENTATION_COMMENTS = YES;
				CLANG_WARN_EMPTY_BODY = YES;
				CLANG_WARN_ENUM_CONVERSION = YES;
				CLANG_WARN_INFINITE_RECURSION = YES;
				CLANG_WARN_INT_CONVERSION = YES;
				CLANG_WARN_NON_LITERAL_NULL_CONVERSION = YES;
				CLANG_WARN_OBJC_IMPLICIT_RETAIN_SELF = YES;
				CLANG_WARN_OBJC_LITERAL_CONVERSION = YES;
				CLANG_WARN_OBJC_ROOT_CLASS = YES_ERROR;
				CLANG_WARN_RANGE_LOOP_ANALYSIS = YES;
				CLANG_WARN_STRICT_PROTOTYPES = YES;
				CLANG_WARN_SUSPICIOUS_MOVE = YES;
				CLANG_WARN_UNGUARDED_AVAILABILITY = YES_AGGRESSIVE;
				CLANG_WARN_UNREACHABLE_CODE = YES;
				CLANG_WARN__DUPLICATE_METHOD_MATCH = YES;
				CODE_SIGN_IDENTITY = "iPhone Developer";
				COPY_PHASE_STRIP = NO;
				DEBUG_INFORMATION_FORMAT = "dwarf-with-dsym";
				ENABLE_NS_ASSERTIONS = NO;
				ENABLE_STRICT_OBJC_MSGSEND = YES;
				GCC_C_LANGUAGE_STANDARD = gnu11;
				GCC_NO_COMMON_BLOCKS = YES;
				GCC_WARN_64_TO_32_BIT_CONVERSION = YES;
				GCC_WARN_ABOUT_RETURN_TYPE = YES_ERROR;
				GCC_WARN_UNDECLARED_SELECTOR = YES;
				GCC_WARN_UNINITIALIZED_AUTOS = YES_AGGRESSIVE;
				GCC_WARN_UNUSED_FUNCTION = YES;
				GCC_WARN_UNUSED_VARIABLE = YES;
				IPHONEOS_DEPLOYMENT_TARGET = 11.4;
				MTL_ENABLE_DEBUG_INFO = NO;
				SDKROOT = iphoneos;
				SWIFT_COMPILATION_MODE = wholemodule;
				SWIFT_OPTIMIZATION_LEVEL = "-O";
				VALIDATE_PRODUCT = YES;
			};
			name = Release;
		};
		CB3FEBC3210C8D1200606882 /* Debug */ = {
			isa = XCBuildConfiguration;
			buildSettings = {
				ASSETCATALOG_COMPILER_APPICON_NAME = AppIcon;
				CODE_SIGN_STYLE = Automatic;
				INFOPLIST_FILE = LocalStorageProject/Info.plist;
				LD_RUNPATH_SEARCH_PATHS = (
					"$(inherited)",
					"@executable_path/Frameworks",
				);
				PRODUCT_BUNDLE_IDENTIFIER = nik.pan.LocalStorageProject;
				PRODUCT_NAME = "$(TARGET_NAME)";
				SWIFT_VERSION = 4.0;
				TARGETED_DEVICE_FAMILY = "1,2";
			};
			name = Debug;
		};
		CB3FEBC4210C8D1200606882 /* Release */ = {
			isa = XCBuildConfiguration;
			buildSettings = {
				ASSETCATALOG_COMPILER_APPICON_NAME = AppIcon;
				CODE_SIGN_STYLE = Automatic;
				INFOPLIST_FILE = LocalStorageProject/Info.plist;
				LD_RUNPATH_SEARCH_PATHS = (
					"$(inherited)",
					"@executable_path/Frameworks",
				);
				PRODUCT_BUNDLE_IDENTIFIER = nik.pan.LocalStorageProject;
				PRODUCT_NAME = "$(TARGET_NAME)";
				SWIFT_VERSION = 4.0;
				TARGETED_DEVICE_FAMILY = "1,2";
			};
			name = Release;
		};
/* End XCBuildConfiguration section */

/* Begin XCConfigurationList section */
		CB3FEBAB210C8D1000606882 /* Build configuration list for PBXProject "LocalStorageProject" */ = {
			isa = XCConfigurationList;
			buildConfigurations = (
				CB3FEBC0210C8D1200606882 /* Debug */,
				CB3FEBC1210C8D1200606882 /* Release */,
			);
			defaultConfigurationIsVisible = 0;
			defaultConfigurationName = Release;
		};
		CB3FEBC2210C8D1200606882 /* Build configuration list for PBXNativeTarget "LocalStorageProject" */ = {
			isa = XCConfigurationList;
			buildConfigurations = (
				CB3FEBC3210C8D1200606882 /* Debug */,
				CB3FEBC4210C8D1200606882 /* Release */,
			);
			defaultConfigurationIsVisible = 0;
			defaultConfigurationName = Release;
		};
/* End XCConfigurationList section */

/* Begin XCVersionGroup section */
		CB9E7C23210DC20700E5C82F /* ItemDetailCoreData.xcdatamodeld */ = {
			isa = XCVersionGroup;
			children = (
				CB9E7C24210DC20700E5C82F /* ItemDetailCoreData.xcdatamodel */,
			);
			currentVersion = CB9E7C24210DC20700E5C82F /* ItemDetailCoreData.xcdatamodel */;
			path = ItemDetailCoreData.xcdatamodeld;
			sourceTree = "<group>";
			versionGroupType = wrapper.xcdatamodel;
		};
/* End XCVersionGroup section */
	};
	rootObject = CB3FEBA8210C8D1000606882 /* Project object */;
}
